
Microsoft Visual Studio Solution File, Format Version 12.00
# Visual Studio Version 16
VisualStudioVersion = 16.0.29806.167
MinimumVisualStudioVersion = 10.0.40219.1
Project("{FAE04EC0-301F-11D3-BF4B-00C04F79EFBC}") = "ModelAndAPI", "ModelAndAPI.csproj", "{F2C4A256-B092-4560-AA01-57C678060F74}"
EndProject
Project("{FAE04EC0-301F-11D3-BF4B-00C04F79EFBC}") = "GraphicalUserInterface", "..\GraphicalUserInterface\GraphicalUserInterface.csproj", "{30594728-B182-45B2-AB8E-3A66F79ADB31}"
EndProject
Global
	GlobalSection(SolutionConfigurationPlatforms) = preSolution
		Debug|Any CPU = Debug|Any CPU
		Release|Any CPU = Release|Any CPU
	EndGlobalSection
	GlobalSection(ProjectConfigurationPlatforms) = postSolution
		{F2C4A256-B092-4560-AA01-57C678060F74}.Debug|Any CPU.ActiveCfg = Debug|Any CPU
		{F2C4A256-B092-4560-AA01-57C678060F74}.Debug|Any CPU.Build.0 = Debug|Any CPU
		{F2C4A256-B092-4560-AA01-57C678060F74}.Release|Any CPU.ActiveCfg = Release|Any CPU
		{F2C4A256-B092-4560-AA01-57C678060F74}.Release|Any CPU.Build.0 = Release|Any CPU
		{30594728-B182-45B2-AB8E-3A66F79ADB31}.Debug|Any CPU.ActiveCfg = Debug|Any CPU
		{30594728-B182-45B2-AB8E-3A66F79ADB31}.Debug|Any CPU.Build.0 = Debug|Any CPU
		{30594728-B182-45B2-AB8E-3A66F79ADB31}.Release|Any CPU.ActiveCfg = Release|Any CPU
		{30594728-B182-45B2-AB8E-3A66F79ADB31}.Release|Any CPU.Build.0 = Release|Any CPU
	EndGlobalSection
	GlobalSection(SolutionProperties) = preSolution
		HideSolutionNode = FALSE
	EndGlobalSection
	GlobalSection(ExtensibilityGlobals) = postSolution
		SolutionGuid = {F77739B3-8C06-4043-9BCE-1C8526DC4CB6}
	EndGlobalSection
EndGlobal
